
Microsoft Visual Studio Solution File, Format Version 12.00
# Visual Studio Version 17
VisualStudioVersion = 17.7.34221.43
MinimumVisualStudioVersion = 10.0.40219.1
Project("{9A19103F-16F7-4668-BE54-9A1E7A4F7556}") = "API", "API\API.csproj", "{FD286A44-40AE-4CFD-910D-D568860921C4}"
EndProject
Project("{9A19103F-16F7-4668-BE54-9A1E7A4F7556}") = "Model", "Model\Model.csproj", "{0015B7C9-23F8-47AD-90A2-682655B2E9D9}"
EndProject
Global
	GlobalSection(SolutionConfigurationPlatforms) = preSolution
		Debug|Any CPU = Debug|Any CPU
		Release|Any CPU = Release|Any CPU
	EndGlobalSection
	GlobalSection(ProjectConfigurationPlatforms) = postSolution
		{FD286A44-40AE-4CFD-910D-D568860921C4}.Debug|Any CPU.ActiveCfg = Debug|Any CPU
		{FD286A44-40AE-4CFD-910D-D568860921C4}.Debug|Any CPU.Build.0 = Debug|Any CPU
		{FD286A44-40AE-4CFD-910D-D568860921C4}.Release|Any CPU.ActiveCfg = Release|Any CPU
		{FD286A44-40AE-4CFD-910D-D568860921C4}.Release|Any CPU.Build.0 = Release|Any CPU
		{0015B7C9-23F8-47AD-90A2-682655B2E9D9}.Debug|Any CPU.ActiveCfg = Debug|Any CPU
		{0015B7C9-23F8-47AD-90A2-682655B2E9D9}.Debug|Any CPU.Build.0 = Debug|Any CPU
		{0015B7C9-23F8-47AD-90A2-682655B2E9D9}.Release|Any CPU.ActiveCfg = Release|Any CPU
		{0015B7C9-23F8-47AD-90A2-682655B2E9D9}.Release|Any CPU.Build.0 = Release|Any CPU
	EndGlobalSection
	GlobalSection(SolutionProperties) = preSolution
		HideSolutionNode = FALSE
	EndGlobalSection
	GlobalSection(ExtensibilityGlobals) = postSolution
		SolutionGuid = {701C9A7D-EA5E-4748-91E2-25BF8FA3CA9E}
	EndGlobalSection
EndGlobal
